
Microsoft Visual Studio Solution File, Format Version 12.00
# Visual Studio Version 16
VisualStudioVersion = 16.0.31613.86
MinimumVisualStudioVersion = 10.0.40219.1
Project("{FAE04EC0-301F-11D3-BF4B-00C04F79EFBC}") = "IndexerMethodDemo", "IndexerMethodDemo.csproj", "{45DB1817-72A4-43C9-9663-0B37526E98B4}"
EndProject
Global
	GlobalSection(SolutionConfigurationPlatforms) = preSolution
		Debug|Any CPU = Debug|Any CPU
		Release|Any CPU = Release|Any CPU
	EndGlobalSection
	GlobalSection(ProjectConfigurationPlatforms) = postSolution
		{45DB1817-72A4-43C9-9663-0B37526E98B4}.Debug|Any CPU.ActiveCfg = Debug|Any CPU
		{45DB1817-72A4-43C9-9663-0B37526E98B4}.Debug|Any CPU.Build.0 = Debug|Any CPU
		{45DB1817-72A4-43C9-9663-0B37526E98B4}.Release|Any CPU.ActiveCfg = Release|Any CPU
		{45DB1817-72A4-43C9-9663-0B37526E98B4}.Release|Any CPU.Build.0 = Release|Any CPU
	EndGlobalSection
	GlobalSection(SolutionProperties) = preSolution
		HideSolutionNode = FALSE
	EndGlobalSection
	GlobalSection(ExtensibilityGlobals) = postSolution
		SolutionGuid = {8668C29F-633E-4CF6-A76C-686C621EB6EC}
	EndGlobalSection
EndGlobal
